
Microsoft Visual Studio Solution File, Format Version 12.00
# Visual Studio Version 16
VisualStudioVersion = 16.0.31729.503
MinimumVisualStudioVersion = 10.0.40219.1
Project("{FAE04EC0-301F-11D3-BF4B-00C04F79EFBC}") = "Datos", "Datos\Datos.csproj", "{A4C8C888-A308-4EB4-A52C-10CEE0F63CF4}"
EndProject
Project("{FAE04EC0-301F-11D3-BF4B-00C04F79EFBC}") = "Logica", "Logica\Logica.csproj", "{01F58667-B79B-4CD6-B7A4-DE824E0071EF}"
EndProject
Project("{FAE04EC0-301F-11D3-BF4B-00C04F79EFBC}") = "Vista", "Vista\Vista.csproj", "{98C692CB-0532-4AAB-B2F8-40611F74BC4B}"
EndProject
Global
	GlobalSection(SolutionConfigurationPlatforms) = preSolution
		Debug|Any CPU = Debug|Any CPU
		Release|Any CPU = Release|Any CPU
	EndGlobalSection
	GlobalSection(ProjectConfigurationPlatforms) = postSolution
		{A4C8C888-A308-4EB4-A52C-10CEE0F63CF4}.Debug|Any CPU.ActiveCfg = Debug|Any CPU
		{A4C8C888-A308-4EB4-A52C-10CEE0F63CF4}.Debug|Any CPU.Build.0 = Debug|Any CPU
		{A4C8C888-A308-4EB4-A52C-10CEE0F63CF4}.Release|Any CPU.ActiveCfg = Release|Any CPU
		{A4C8C888-A308-4EB4-A52C-10CEE0F63CF4}.Release|Any CPU.Build.0 = Release|Any CPU
		{01F58667-B79B-4CD6-B7A4-DE824E0071EF}.Debug|Any CPU.ActiveCfg = Debug|Any CPU
		{01F58667-B79B-4CD6-B7A4-DE824E0071EF}.Debug|Any CPU.Build.0 = Debug|Any CPU
		{01F58667-B79B-4CD6-B7A4-DE824E0071EF}.Release|Any CPU.ActiveCfg = Release|Any CPU
		{01F58667-B79B-4CD6-B7A4-DE824E0071EF}.Release|Any CPU.Build.0 = Release|Any CPU
		{98C692CB-0532-4AAB-B2F8-40611F74BC4B}.Debug|Any CPU.ActiveCfg = Debug|Any CPU
		{98C692CB-0532-4AAB-B2F8-40611F74BC4B}.Debug|Any CPU.Build.0 = Debug|Any CPU
		{98C692CB-0532-4AAB-B2F8-40611F74BC4B}.Release|Any CPU.ActiveCfg = Release|Any CPU
		{98C692CB-0532-4AAB-B2F8-40611F74BC4B}.Release|Any CPU.Build.0 = Release|Any CPU
	EndGlobalSection
	GlobalSection(SolutionProperties) = preSolution
		HideSolutionNode = FALSE
	EndGlobalSection
	GlobalSection(ExtensibilityGlobals) = postSolution
		SolutionGuid = {0F796A3E-AAB1-4FA9-8A7C-842CEE695F22}
	EndGlobalSection
EndGlobal
